
Microsoft Visual Studio Solution File, Format Version 12.00
# Visual Studio Version 16
VisualStudioVersion = 16.0.31313.79
MinimumVisualStudioVersion = 10.0.40219.1
Project("{FAE04EC0-301F-11D3-BF4B-00C04F79EFBC}") = "CovidEssentialshoppingAPI", "CovidEssentialshoppingAPI\CovidEssentialshoppingAPI.csproj", "{EA4A1D0A-B09C-4CA6-B88B-3027B17FD854}"
EndProject
Global
	GlobalSection(SolutionConfigurationPlatforms) = preSolution
		Debug|Any CPU = Debug|Any CPU
		Release|Any CPU = Release|Any CPU
	EndGlobalSection
	GlobalSection(ProjectConfigurationPlatforms) = postSolution
		{EA4A1D0A-B09C-4CA6-B88B-3027B17FD854}.Debug|Any CPU.ActiveCfg = Debug|Any CPU
		{EA4A1D0A-B09C-4CA6-B88B-3027B17FD854}.Debug|Any CPU.Build.0 = Debug|Any CPU
		{EA4A1D0A-B09C-4CA6-B88B-3027B17FD854}.Release|Any CPU.ActiveCfg = Release|Any CPU
		{EA4A1D0A-B09C-4CA6-B88B-3027B17FD854}.Release|Any CPU.Build.0 = Release|Any CPU
	EndGlobalSection
	GlobalSection(SolutionProperties) = preSolution
		HideSolutionNode = FALSE
	EndGlobalSection
	GlobalSection(ExtensibilityGlobals) = postSolution
		SolutionGuid = {C7787D91-07AD-4309-8FF7-3F3337AD2BD4}
	EndGlobalSection
EndGlobal
